{
  "requires": true,
  "lockfileVersion": 1,
  "dependencies": {
    "@tensorflow/tfjs-automl": {
      "version": "1.0.0",
      "resolved": "https://registry.npmjs.org/@tensorflow/tfjs-automl/-/tfjs-automl-1.0.0.tgz",
      "integrity": "sha512-h+IUbZktD5FYR8RYKnFyPcsEujekLxyGpjm4Lgt5q57j5how7dAHO6+HTSoa7OgH0lOiYyOBCFtB5YZHlZhSUg=="
    }
  }
}
